
Microsoft Visual Studio Solution File, Format Version 12.00
# Visual Studio 2012
Project("{8BC9CEB8-8B4A-11D0-8D11-00A0C91BC942}") = "Grosspayprogram", "Grosspayprogram\Grosspayprogram.vcxproj", "{8A2E4BEE-FD07-4AC4-93E9-B3F719CAA74C}"
EndProject
Global
	GlobalSection(SolutionConfigurationPlatforms) = preSolution
		Debug|Win32 = Debug|Win32
		Release|Win32 = Release|Win32
	EndGlobalSection
	GlobalSection(ProjectConfigurationPlatforms) = postSolution
		{8A2E4BEE-FD07-4AC4-93E9-B3F719CAA74C}.Debug|Win32.ActiveCfg = Debug|Win32
		{8A2E4BEE-FD07-4AC4-93E9-B3F719CAA74C}.Debug|Win32.Build.0 = Debug|Win32
		{8A2E4BEE-FD07-4AC4-93E9-B3F719CAA74C}.Release|Win32.ActiveCfg = Release|Win32
		{8A2E4BEE-FD07-4AC4-93E9-B3F719CAA74C}.Release|Win32.Build.0 = Release|Win32
	EndGlobalSection
	GlobalSection(SolutionProperties) = preSolution
		HideSolutionNode = FALSE
	EndGlobalSection
EndGlobal
